
Microsoft Visual Studio Solution File, Format Version 12.00
# Visual Studio Version 16
VisualStudioVersion = 16.0.32228.343
MinimumVisualStudioVersion = 10.0.40219.1
Project("{FAE04EC0-301F-11D3-BF4B-00C04F79EFBC}") = "biongo", "biongo\biongo.csproj", "{B75E811A-C59C-403A-BF04-79A56178387D}"
EndProject
Global
	GlobalSection(SolutionConfigurationPlatforms) = preSolution
		Debug|Any CPU = Debug|Any CPU
		Release|Any CPU = Release|Any CPU
	EndGlobalSection
	GlobalSection(ProjectConfigurationPlatforms) = postSolution
		{B75E811A-C59C-403A-BF04-79A56178387D}.Debug|Any CPU.ActiveCfg = Debug|Any CPU
		{B75E811A-C59C-403A-BF04-79A56178387D}.Debug|Any CPU.Build.0 = Debug|Any CPU
		{B75E811A-C59C-403A-BF04-79A56178387D}.Release|Any CPU.ActiveCfg = Release|Any CPU
		{B75E811A-C59C-403A-BF04-79A56178387D}.Release|Any CPU.Build.0 = Release|Any CPU
	EndGlobalSection
	GlobalSection(SolutionProperties) = preSolution
		HideSolutionNode = FALSE
	EndGlobalSection
	GlobalSection(ExtensibilityGlobals) = postSolution
		SolutionGuid = {607EFCBE-4510-48C5-9A49-D738FF19DB76}
	EndGlobalSection
EndGlobal
